{
  "name": "static",
  "version": "1.0.0",
  "lockfileVersion": 2,
  "requires": true,
  "packages": {
    "": {
      "name": "static",
      "version": "1.0.0",
      "license": "ISC",
      "dependencies": {
        "tsparticles-engine": "^2.1.3"
      }
    },
    "node_modules/tsparticles-engine": {
      "version": "2.1.3",
      "resolved": "https://registry.npmjs.org/tsparticles-engine/-/tsparticles-engine-2.1.3.tgz",
      "integrity": "sha512-BmCo534tF5yRQofUczGSfCFrdeMYO6e7FXHv6AdRxL+j9NNPH3zF4HX6k24tbO4kmTH8tGX/+F9mugEQVo9AEg==",
      "funding": [
        {
          "type": "github",
          "url": "https://github.com/sponsors/matteobruni"
        },
        {
          "type": "buymeacoffee",
          "url": "https://www.buymeacoffee.com/matteobruni"
        }
      ],
      "hasInstallScript": true
    }
  },
  "dependencies": {
    "tsparticles-engine": {
      "version": "2.1.3",
      "resolved": "https://registry.npmjs.org/tsparticles-engine/-/tsparticles-engine-2.1.3.tgz",
      "integrity": "sha512-BmCo534tF5yRQofUczGSfCFrdeMYO6e7FXHv6AdRxL+j9NNPH3zF4HX6k24tbO4kmTH8tGX/+F9mugEQVo9AEg=="
    }
  }
}
